
Microsoft Visual Studio Solution File, Format Version 12.00
# Visual Studio Version 17
VisualStudioVersion = 17.13.35818.85 d17.13
MinimumVisualStudioVersion = 10.0.40219.1
Project("{FAE04EC0-301F-11D3-BF4B-00C04F79EFBC}") = "ECommerceApp.Domain", "ECommerceApp.Domain\ECommerceApp.Domain.csproj", "{374837DA-902E-4A37-93BD-83B0803F2F01}"
EndProject
Project("{FAE04EC0-301F-11D3-BF4B-00C04F79EFBC}") = "ECommerceApp.Infrastructure", "ECommerceApp.Infrastructure\ECommerceApp.Infrastructure.csproj", "{AB7334D1-A09B-4DDD-9AA7-46D879E4D1B6}"
EndProject
Project("{FAE04EC0-301F-11D3-BF4B-00C04F79EFBC}") = "ECommerceApp.Persistence", "ECommerceApp.Persistence\ECommerceApp.Persistence.csproj", "{54E0A617-BABD-4062-ACD0-538E12D794EF}"
EndProject
Project("{FAE04EC0-301F-11D3-BF4B-00C04F79EFBC}") = "ECommerceApp.API", "ECommerceApp.API\ECommerceApp.API.csproj", "{7EDB9677-98E4-482A-A598-11A17B01984C}"
EndProject
Project("{FAE04EC0-301F-11D3-BF4B-00C04F79EFBC}") = "ECommerceApp.Application", "ECommerceApp.Application\ECommerceApp.Application.csproj", "{C6B9060E-5F52-47E0-8B18-F7D7BCCF6B00}"
EndProject
Global
	GlobalSection(SolutionConfigurationPlatforms) = preSolution
		Debug|Any CPU = Debug|Any CPU
		Release|Any CPU = Release|Any CPU
	EndGlobalSection
	GlobalSection(ProjectConfigurationPlatforms) = postSolution
		{374837DA-902E-4A37-93BD-83B0803F2F01}.Debug|Any CPU.ActiveCfg = Debug|Any CPU
		{374837DA-902E-4A37-93BD-83B0803F2F01}.Debug|Any CPU.Build.0 = Debug|Any CPU
		{374837DA-902E-4A37-93BD-83B0803F2F01}.Release|Any CPU.ActiveCfg = Release|Any CPU
		{374837DA-902E-4A37-93BD-83B0803F2F01}.Release|Any CPU.Build.0 = Release|Any CPU
		{AB7334D1-A09B-4DDD-9AA7-46D879E4D1B6}.Debug|Any CPU.ActiveCfg = Debug|Any CPU
		{AB7334D1-A09B-4DDD-9AA7-46D879E4D1B6}.Debug|Any CPU.Build.0 = Debug|Any CPU
		{AB7334D1-A09B-4DDD-9AA7-46D879E4D1B6}.Release|Any CPU.ActiveCfg = Release|Any CPU
		{AB7334D1-A09B-4DDD-9AA7-46D879E4D1B6}.Release|Any CPU.Build.0 = Release|Any CPU
		{54E0A617-BABD-4062-ACD0-538E12D794EF}.Debug|Any CPU.ActiveCfg = Debug|Any CPU
		{54E0A617-BABD-4062-ACD0-538E12D794EF}.Debug|Any CPU.Build.0 = Debug|Any CPU
		{54E0A617-BABD-4062-ACD0-538E12D794EF}.Release|Any CPU.ActiveCfg = Release|Any CPU
		{54E0A617-BABD-4062-ACD0-538E12D794EF}.Release|Any CPU.Build.0 = Release|Any CPU
		{7EDB9677-98E4-482A-A598-11A17B01984C}.Debug|Any CPU.ActiveCfg = Debug|Any CPU
		{7EDB9677-98E4-482A-A598-11A17B01984C}.Debug|Any CPU.Build.0 = Debug|Any CPU
		{7EDB9677-98E4-482A-A598-11A17B01984C}.Release|Any CPU.ActiveCfg = Release|Any CPU
		{7EDB9677-98E4-482A-A598-11A17B01984C}.Release|Any CPU.Build.0 = Release|Any CPU
		{C6B9060E-5F52-47E0-8B18-F7D7BCCF6B00}.Debug|Any CPU.ActiveCfg = Debug|Any CPU
		{C6B9060E-5F52-47E0-8B18-F7D7BCCF6B00}.Debug|Any CPU.Build.0 = Debug|Any CPU
		{C6B9060E-5F52-47E0-8B18-F7D7BCCF6B00}.Release|Any CPU.ActiveCfg = Release|Any CPU
		{C6B9060E-5F52-47E0-8B18-F7D7BCCF6B00}.Release|Any CPU.Build.0 = Release|Any CPU
	EndGlobalSection
	GlobalSection(SolutionProperties) = preSolution
		HideSolutionNode = FALSE
	EndGlobalSection
	GlobalSection(ExtensibilityGlobals) = postSolution
		SolutionGuid = {B6A2371C-6296-46F5-86BA-E6DCD80B4E85}
	EndGlobalSection
EndGlobal
